PODS:
  - ChameleonFramework/Default (2.1.0)
  - ChameleonFramework/Swift (2.1.0):
    - ChameleonFramework/Default
  - Crashlytics (3.7.2):
    - Fabric (~> 1.6.3)
  - Fabric (1.6.7)
  - Instructions (0.4.2)

DEPENDENCIES:
  - ChameleonFramework/Swift
  - Crashlytics
  - Fabric
  - Instructions (~> 0.4)

SPEC CHECKSUMS:
  ChameleonFramework: d21a3cc247abfe5e37609a283a8238b03575cf64
  Crashlytics: 130ab943f8c78cda7a814b434f270b2e2c8a3cba
  Fabric: caf7580c725e64db144f610ac65cd60956911dc7
  Instructions: acb639e81dbbab70c92d35bc08f4f831fec84e0c

PODFILE CHECKSUM: 94e3989d82af2a6c85ca32efb38066e92a106583

COCOAPODS: 1.0.1
